
Microsoft Visual Studio Solution File, Format Version 12.00
# Visual Studio Version 17
VisualStudioVersion = 17.7.34031.279
MinimumVisualStudioVersion = 10.0.40219.1
Project("{9A19103F-16F7-4668-BE54-9A1E7A4F7556}") = "lc-hax", "lc-hax.csproj", "{E358F042-9573-4B23-BA84-EDF4D6F01A01}"
EndProject
Global
	GlobalSection(SolutionConfigurationPlatforms) = preSolution
		Debug|Any CPU = Debug|Any CPU
		Release|Any CPU = Release|Any CPU
	EndGlobalSection
	GlobalSection(ProjectConfigurationPlatforms) = postSolution
		{E358F042-9573-4B23-BA84-EDF4D6F01A01}.Debug|Any CPU.ActiveCfg = Debug|Any CPU
		{E358F042-9573-4B23-BA84-EDF4D6F01A01}.Debug|Any CPU.Build.0 = Debug|Any CPU
		{E358F042-9573-4B23-BA84-EDF4D6F01A01}.Release|Any CPU.ActiveCfg = Release|Any CPU
		{E358F042-9573-4B23-BA84-EDF4D6F01A01}.Release|Any CPU.Build.0 = Release|Any CPU
	EndGlobalSection
	GlobalSection(SolutionProperties) = preSolution
		HideSolutionNode = FALSE
	EndGlobalSection
	GlobalSection(ExtensibilityGlobals) = postSolution
		SolutionGuid = {69C0869C-EC09-4F07-914E-06D941EEAEC1}
	EndGlobalSection
EndGlobal
