{
  "version": 1,
  "dependencies": {
    ".NETStandard,Version=v2.1": {
      "CommunityToolkit.HighPerformance": {
        "type": "Direct",
        "requested": "[8.4.0, )",
        "resolved": "8.4.0",
        "contentHash": "flxspiBs0G/0GMp7IK2J2ijV9bTG6hEwFc/z6ekHqB6nwRJ4Ry2yLdx+TkbCUYFCl4XhABkAwomeKbT6zM2Zlg==",
        "dependencies": {
          "System.Runtime.CompilerServices.Unsafe": "6.1.0"
        }
      },
      "LethalCompany.GameLibs.Steam": {
        "type": "Direct",
        "requested": "[73.0.0-ngd.0, )",
        "resolved": "73.0.0-ngd.0",
        "contentHash": "iaHCHoJTFiTnAyAYIrEbjCJOOuhcJ42+KJnEbmCmf4UdkhjSwwio2bcdPCbchodB9kEp+3v3ATgkBwYn56/Gdw==",
        "dependencies": {
          "Newtonsoft.JSON": "13.0.3",
          "UnityEngine.Modules": "2022.3.9"
        }
      },
      "Lib.Harmony": {
        "type": "Direct",
        "requested": "[2.4.2, )",
        "resolved": "2.4.2",
        "contentHash": "D2X9ojVjqbqdqWVK3VQETrEb56yVoXxtEp6tP5UvW0PP+bA4uJiswqOxF8GhH02ECwyevUa9vwhwdLzyXfksbw==",
        "dependencies": {
          "Lib.Harmony.Ref": "2.4.2"
        }
      },
      "Nullable.Extended.Analyzer": {
        "type": "Direct",
        "requested": "[1.15.6581, )",
        "resolved": "1.15.6581",
        "contentHash": "lQ025E+aNR34QfXvRiHxNXTHK6JBkvpIIZD2IMk8QyROTZAkqs+PFasEa2xkIC+cN2C0Mw5MRnhX/Wrmz/qKfw=="
      },
      "Quickenshtein": {
        "type": "Direct",
        "requested": "[1.5.1, )",
        "resolved": "1.5.1",
        "contentHash": "orca+eUrt8FSF/mrgxFA2XNyXdp+2N/7+lwxD/cJEub6D/4VfpBMUkZrvP3WubKz3ToyDO0HV3sYbQql3xL7Nw==",
        "dependencies": {
          "System.Memory": "4.5.4"
        }
      },
      "RequireNamedArgs": {
        "type": "Direct",
        "requested": "[0.0.7, )",
        "resolved": "0.0.7",
        "contentHash": "NZtTRce3MH7JkBR0uVr7BM/qhOzv1VRt2CrFaRx010nCJ3o9BFLRipYEuoJGMdxAnxV9J+wCoiyoHLJDz0vI0A==",
        "dependencies": {
          "FSharp.Core": "4.5.2"
        }
      },
      "ZLinq": {
        "type": "Direct",
        "requested": "[1.5.3, )",
        "resolved": "1.5.3",
        "contentHash": "tY/n1/qup0fmX1JqubxD9IoD0gOCU9sJqYujiPbeEJFYzAhGLvxUtayXl8LhocnOBw9PewPqWb0QtMnQUfM/0A==",
        "dependencies": {
          "System.Runtime.CompilerServices.Unsafe": "6.1.2"
        }
      },
      "FSharp.Core": {
        "type": "Transitive",
        "resolved": "4.5.2",
        "contentHash": "apbdQOjzsjQ637kTWQuW29jqwY18jsHMyNC5A+TPJZKFEIE2cIfQWf3V7+mXrxlbX69BueYkv293/g70wuXuRw=="
      },
      "Lib.Harmony.Ref": {
        "type": "Transitive",
        "resolved": "2.4.2",
        "contentHash": "pK6Z6WlR6OyynJqj50SspAV3qSU4pAiFluoryxE6ad63r2BD8LHKmH40aZz+0Ve+gyyQxSXTkxBnaXs9JvTkIw==",
        "dependencies": {
          "System.Reflection.Emit": "4.7.0"
        }
      },
      "Newtonsoft.Json": {
        "type": "Transitive",
        "resolved": "13.0.3",
        "contentHash": "HrC5BXdl00IP9zeV+0Z848QWPAoCr9P3bDEZguI+gkLcBKAOxix/tLEAAHC+UvDNPv4a2d18lOReHMOagPa+zQ=="
      },
      "System.Buffers": {
        "type": "Transitive",
        "resolved": "4.5.1",
        "contentHash": "Rw7ijyl1qqRS0YQD/WycNst8hUUMgrMH4FCn1nNm27M4VxchZ1js3fVjQaANHO5f3sN4isvP4a+Met9Y4YomAg=="
      },
      "System.Memory": {
        "type": "Transitive",
        "resolved": "4.5.4",
        "contentHash": "1MbJTHS1lZ4bS4FmsJjnuGJOu88ZzTT2rLvrhW7Ygic+pC0NWA+3hgAen0HRdsocuQXCkUTdFn9yHJJhsijDXw==",
        "dependencies": {
          "System.Buffers": "4.5.1",
          "System.Numerics.Vectors": "4.4.0",
          "System.Runtime.CompilerServices.Unsafe": "4.5.3"
        }
      },
      "System.Numerics.Vectors": {
        "type": "Transitive",
        "resolved": "4.4.0",
        "contentHash": "UiLzLW+Lw6HLed1Hcg+8jSRttrbuXv7DANVj0DkL9g6EnnzbL75EB7EWsw5uRbhxd/4YdG8li5XizGWepmG3PQ=="
      },
      "System.Reflection.Emit": {
        "type": "Transitive",
        "resolved": "4.7.0",
        "contentHash": "VR4kk8XLKebQ4MZuKuIni/7oh+QGFmZW3qORd1GvBq/8026OpW501SzT/oypwiQl4TvT8ErnReh/NzY9u+C6wQ=="
      },
      "System.Runtime.CompilerServices.Unsafe": {
        "type": "Transitive",
        "resolved": "6.1.2",
        "contentHash": "2hBr6zdbIBTDE3EhK7NSVNdX58uTK6iHW/P/Axmm9sl1xoGSLqDvMtpecn226TNwHByFokYwJmt/aQQNlO5CRw=="
      },
      "UnityEngine.Modules": {
        "type": "Transitive",
        "resolved": "2022.3.9",
        "contentHash": "sSxqZjd05U0NWlX+eappdlsEuXFvDRHkUaClDVTocGRzCmIwNvgGJIPh22lGklIpNZ3cJZneYJkIUnEIazR8VA=="
      }
    },
    ".NETStandard,Version=v2.1/win-x64": {}
  }
}